
Microsoft Visual Studio Solution File, Format Version 12.00
# Visual Studio Version 17
VisualStudioVersion = 17.8.34316.72
MinimumVisualStudioVersion = 10.0.40219.1
Project("{FAE04EC0-301F-11D3-BF4B-00C04F79EFBC}") = "BlogDotNet8", "BlogDotNet8.csproj", "{1C375CF7-1864-4FF0-A15C-6A99B56AB563}"
EndProject
Global
	GlobalSection(SolutionConfigurationPlatforms) = preSolution
		Debug|Any CPU = Debug|Any CPU
		Release|Any CPU = Release|Any CPU
	EndGlobalSection
	GlobalSection(ProjectConfigurationPlatforms) = postSolution
		{1C375CF7-1864-4FF0-A15C-6A99B56AB563}.Debug|Any CPU.ActiveCfg = Debug|Any CPU
		{1C375CF7-1864-4FF0-A15C-6A99B56AB563}.Debug|Any CPU.Build.0 = Debug|Any CPU
		{1C375CF7-1864-4FF0-A15C-6A99B56AB563}.Release|Any CPU.ActiveCfg = Release|Any CPU
		{1C375CF7-1864-4FF0-A15C-6A99B56AB563}.Release|Any CPU.Build.0 = Release|Any CPU
	EndGlobalSection
	GlobalSection(SolutionProperties) = preSolution
		HideSolutionNode = FALSE
	EndGlobalSection
	GlobalSection(ExtensibilityGlobals) = postSolution
		SolutionGuid = {555944A9-B3AC-4F88-A462-10FBA810CD2C}
	EndGlobalSection
EndGlobal
